{
  "lockfileVersion": 1,
  "configVersion": 1,
  "workspaces": {
    "": {
      "name": "siren-guard",
      "dependencies": {
        "electron-store": "^11.0.2",
        "yaml": "^2.9.0",
      },
      "devDependencies": {
        "electron": "^43.0.0",
      },
    },
  },
  "packages": {
    "@electron-internal/extract-zip": ["@electron-internal/extract-zip@1.0.4", "", {}, "sha512-Zr1Vs7E9tpCNhZHDAbFVXc2gEVCG9RqPDjrno5+bdgB6LRAuvgyMHJut4NCVyYwtAieapMzc3fiQ3CSTi75ARg=="],

    "@electron/get": ["@electron/get@5.0.0", "", { "dependencies": { "debug": "^4.1.1", "env-paths": "^3.0.0", "graceful-fs": "^4.2.11", "progress": "^2.0.3", "semver": "^7.6.3", "sumchecker": "^3.0.1" }, "optionalDependencies": { "undici": "^7.24.4" } }, "sha512-pjoBpru1KdEtcExBnuHAP1cAc/5faoedw0hzJkL3o4/IJp7HNF1+fbrdxT3gMYRX2oJfvnA/WXeCTVQpYYxyJA=="],

    "@types/node": ["@types/node@24.13.2", "", { "dependencies": { "undici-types": "~7.18.0" } }, "sha512-fRa09kZTgu8o71KFcDjUFuc7F+dEbZYZmkI0mg5YBTRs0yMKjYHsq/c0urDKeDb+D5qVgXOdFcuu+DZPKOITwA=="],

    "ajv": ["ajv@8.20.0", "", { "dependencies": { "fast-deep-equal": "^3.1.3", "fast-uri": "^3.0.1", "json-schema-traverse": "^1.0.0", "require-from-string": "^2.0.2" } }, "sha512-Thbli+OlOj+iMPYFBVBfJ3OmCAnaSyNn4M1vz9T6Gka5Jt9ba/HIR56joy65tY6kx/FCF5VXNB819Y7/GUrBGA=="],

    "ajv-formats": ["ajv-formats@3.0.1", "", { "dependencies": { "ajv": "^8.0.0" } }, "sha512-8iUql50EUR+uUcdRQ3HDqa6EVyo3docL8g5WJ3FNcWmu62IbkGUue/pEyLBW8VGKKucTPgqeks4fIU1DA4yowQ=="],

    "atomically": ["atomically@2.1.1", "", { "dependencies": { "stubborn-fs": "^2.0.0", "when-exit": "^2.1.4" } }, "sha512-P4w9o2dqARji6P7MHprklbfiArZAWvo07yW7qs3pdljb3BWr12FIB7W+p0zJiuiVsUpRO0iZn1kFFcpPegg0tQ=="],

    "conf": ["conf@15.1.0", "", { "dependencies": { "ajv": "^8.17.1", "ajv-formats": "^3.0.1", "atomically": "^2.0.3", "debounce-fn": "^6.0.0", "dot-prop": "^10.0.0", "env-paths": "^3.0.0", "json-schema-typed": "^8.0.1", "semver": "^7.7.2", "uint8array-extras": "^1.5.0" } }, "sha512-Uy5YN9KEu0WWDaZAVJ5FAmZoaJt9rdK6kH+utItPyGsCqCgaTKkrmZx3zoE0/3q6S3bcp3Ihkk+ZqPxWxFK5og=="],

    "debounce-fn": ["debounce-fn@6.0.0", "", { "dependencies": { "mimic-function": "^5.0.0" } }, "sha512-rBMW+F2TXryBwB54Q0d8drNEI+TfoS9JpNTAoVpukbWEhjXQq4rySFYLaqXMFXwdv61Zb2OHtj5bviSoimqxRQ=="],

    "debug": ["debug@4.4.3", "", { "dependencies": { "ms": "^2.1.3" } }, "sha512-RGwwWnwQvkVfavKVt22FGLw+xYSdzARwm0ru6DhTVA3umU5hZc28V3kO4stgYryrTlLpuvgI9GiijltAjNbcqA=="],

    "dot-prop": ["dot-prop@10.1.0", "", { "dependencies": { "type-fest": "^5.0.0" } }, "sha512-MVUtAugQMOff5RnBy2d9N31iG0lNwg1qAoAOn7pOK5wf94WIaE3My2p3uwTQuvS2AcqchkcR3bHByjaM0mmi7Q=="],

    "electron": ["electron@43.0.0", "", { "dependencies": { "@electron-internal/extract-zip": "^1.0.1", "@electron/get": "^5.0.0", "@types/node": "^24.9.0" }, "bin": { "electron": "cli.js", "install-electron": "install.js" } }, "sha512-PV60GsWU6qufhuOhw3n+Yix3WPDcqDtBqE8orbEQGQGHEkgp9o/JCPgb7L4vIL0r1HnfPdqSRtboOTqbDkcFDQ=="],

    "electron-store": ["electron-store@11.0.2", "", { "dependencies": { "conf": "^15.0.2", "type-fest": "^5.0.1" } }, "sha512-4VkNRdN+BImL2KcCi41WvAYbh6zLX5AUTi4so68yPqiItjbgTjqpEnGAqasgnG+lB6GuAyUltKwVopp6Uv+gwQ=="],

    "env-paths": ["env-paths@3.0.0", "", {}, "sha512-dtJUTepzMW3Lm/NPxRf3wP4642UWhjL2sQxc+ym2YMj1m/H2zDNQOlezafzkHwn6sMstjHTwG6iQQsctDW/b1A=="],

    "fast-deep-equal": ["fast-deep-equal@3.1.3", "", {}, "sha512-f3qQ9oQy9j2AhBe/H9VC91wLmKBCCU/gDOnKNAYG5hswO7BLKj09Hc5HYNz9cGI++xlpDCIgDaitVs03ATR84Q=="],

    "fast-uri": ["fast-uri@3.1.3", "", {}, "sha512-i70LwGWUduXqzicKXWshooq+sWL1K3WUU5rKZNG/0i3a1OSoX3HqhH5WbWwTmqWfor4urUakGPiRQcleRZTwOg=="],

    "graceful-fs": ["graceful-fs@4.2.11", "", {}, "sha512-RbJ5/jmFcNNCcDV5o9eTnBLJ/HszWV0P73bc+Ff4nS/rJj+YaS6IGyiOL0VoBYX+l1Wrl3k63h/KrH+nhJ0XvQ=="],

    "json-schema-traverse": ["json-schema-traverse@1.0.0", "", {}, "sha512-NM8/P9n3XjXhIZn1lLhkFaACTOURQXjWhV4BA/RnOv8xvgqtqpAX9IO4mRQxSx1Rlo4tqzeqb0sOlruaOy3dug=="],

    "json-schema-typed": ["json-schema-typed@8.0.2", "", {}, "sha512-fQhoXdcvc3V28x7C7BMs4P5+kNlgUURe2jmUT1T//oBRMDrqy1QPelJimwZGo7Hg9VPV3EQV5Bnq4hbFy2vetA=="],

    "mimic-function": ["mimic-function@5.0.1", "", {}, "sha512-VP79XUPxV2CigYP3jWwAUFSku2aKqBH7uTAapFWCBqutsbmDo96KY5o8uh6U+/YSIn5OxJnXp73beVkpqMIGhA=="],

    "ms": ["ms@2.1.3", "", {}, "sha512-6FlzubTLZG3J2a/NVCAleEhjzq5oxgHyaCU9yYXvcLsvoVaHJq/s5xXI6/XXP6tz7R9xAOtHnSO/tXtF3WRTlA=="],

    "progress": ["progress@2.0.3", "", {}, "sha512-7PiHtLll5LdnKIMw100I+8xJXR5gW2QwWYkT6iJva0bXitZKa/XMrSbdmg3r2Xnaidz9Qumd0VPaMrZlF9V9sA=="],

    "require-from-string": ["require-from-string@2.0.2", "", {}, "sha512-Xf0nWe6RseziFMu+Ap9biiUbmplq6S9/p+7w7YXP/JBHhrUDDUhwa+vANyubuqfZWTveU//DYVGsDG7RKL/vEw=="],

    "semver": ["semver@7.8.5", "", { "bin": { "semver": "bin/semver.js" } }, "sha512-Y7/KDsb8LjooZpwaqGyulO6DQlksgCncchHGk+sZIY4SBvUocMBEFH5Ur1fI4dV+Jvl0w6cjvucaIi40puRioA=="],

    "stubborn-fs": ["stubborn-fs@2.0.0", "", { "dependencies": { "stubborn-utils": "^1.0.1" } }, "sha512-Y0AvSwDw8y+nlSNFXMm2g6L51rBGdAQT20J3YSOqxC53Lo3bjWRtr2BKcfYoAf352WYpsZSTURrA0tqhfgudPA=="],

    "stubborn-utils": ["stubborn-utils@1.0.2", "", {}, "sha512-zOh9jPYI+xrNOyisSelgym4tolKTJCQd5GBhK0+0xJvcYDcwlOoxF/rnFKQ2KRZknXSG9jWAp66fwP6AxN9STg=="],

    "sumchecker": ["sumchecker@3.0.1", "", { "dependencies": { "debug": "^4.1.0" } }, "sha512-MvjXzkz/BOfyVDkG0oFOtBxHX2u3gKbMHIF/dXblZsgD3BWOFLmHovIpZY7BykJdAjcqRCBi1WYBNdEC9yI7vg=="],

    "tagged-tag": ["tagged-tag@1.0.0", "", {}, "sha512-yEFYrVhod+hdNyx7g5Bnkkb0G6si8HJurOoOEgC8B/O0uXLHlaey/65KRv6cuWBNhBgHKAROVpc7QyYqE5gFng=="],

    "type-fest": ["type-fest@5.7.0", "", { "dependencies": { "tagged-tag": "^1.0.0" } }, "sha512-1URUxUqfHFM1c+zfSPsa3gnkO7Aq21qyH75SIduNYz4SzY964rn1X2vCMQaHSHhktiw+0kPa2iyb6PUpXqB6Vg=="],

    "uint8array-extras": ["uint8array-extras@1.5.0", "", {}, "sha512-rvKSBiC5zqCCiDZ9kAOszZcDvdAHwwIKJG33Ykj43OKcWsnmcBRL09YTU4nOeHZ8Y2a7l1MgTd08SBe9A8Qj6A=="],

    "undici": ["undici@7.28.0", "", {}, "sha512-cRZYrTDwWznlnRiPjggAGxZXanty6M8RV1ff8Wm4LWXBp7/IG8v5DnOm74DtUBp9OONpK75YlPnIjQqX0dBDtA=="],

    "undici-types": ["undici-types@7.18.2", "", {}, "sha512-AsuCzffGHJybSaRrmr5eHr81mwJU3kjw6M+uprWvCXiNeN9SOGwQ3Jn8jb8m3Z6izVgknn1R0FTCEAP2QrLY/w=="],

    "when-exit": ["when-exit@2.1.5", "", {}, "sha512-VGkKJ564kzt6Ms1dbgPP/yuIoQCrsFAnRbptpC5wOEsDaNsbCB2bnfnaA8i/vRs5tjUSEOtIuvl9/MyVsvQZCg=="],

    "yaml": ["yaml@2.9.0", "", { "bin": { "yaml": "bin.mjs" } }, "sha512-2AvhNX3mb8zd6Zy7INTtSpl1F15HW6Wnqj0srWlkKLcpYl/gMIMJiyuGq2KeI2YFxUPjdlB+3Lc10seMLtL4cA=="],
  }
}
